
Microsoft Visual Studio Solution File, Format Version 12.00
# Visual Studio 2012
Project("{FAE04EC0-301F-11D3-BF4B-00C04F79EFBC}") = "TestSandbox1", "TestSandbox1\TestSandbox1.csproj", "{ADD50EB1-B4F2-4B5C-910A-74EB485E1323}"
EndProject
Global
	GlobalSection(SolutionConfigurationPlatforms) = preSolution
		Debug|Any CPU = Debug|Any CPU
		Release|Any CPU = Release|Any CPU
	EndGlobalSection
	GlobalSection(ProjectConfigurationPlatforms) = postSolution
		{ADD50EB1-B4F2-4B5C-910A-74EB485E1323}.Debug|Any CPU.ActiveCfg = Debug|Any CPU
		{ADD50EB1-B4F2-4B5C-910A-74EB485E1323}.Debug|Any CPU.Build.0 = Debug|Any CPU
		{ADD50EB1-B4F2-4B5C-910A-74EB485E1323}.Release|Any CPU.ActiveCfg = Release|Any CPU
		{ADD50EB1-B4F2-4B5C-910A-74EB485E1323}.Release|Any CPU.Build.0 = Release|Any CPU
	EndGlobalSection
	GlobalSection(SolutionProperties) = preSolution
		HideSolutionNode = FALSE
	EndGlobalSection
EndGlobal
