
Microsoft Visual Studio Solution File, Format Version 12.00
# Visual Studio 2012
Project("{FAE04EC0-301F-11D3-BF4B-00C04F79EFBC}") = "TestSandbox2", "TestSandbox2\TestSandbox2.csproj", "{1CA8F4F1-D7A7-43E0-B336-4B71F02844C1}"
EndProject
Global
	GlobalSection(SolutionConfigurationPlatforms) = preSolution
		Debug|Any CPU = Debug|Any CPU
		Release|Any CPU = Release|Any CPU
	EndGlobalSection
	GlobalSection(ProjectConfigurationPlatforms) = postSolution
		{1CA8F4F1-D7A7-43E0-B336-4B71F02844C1}.Debug|Any CPU.ActiveCfg = Debug|Any CPU
		{1CA8F4F1-D7A7-43E0-B336-4B71F02844C1}.Debug|Any CPU.Build.0 = Debug|Any CPU
		{1CA8F4F1-D7A7-43E0-B336-4B71F02844C1}.Release|Any CPU.ActiveCfg = Release|Any CPU
		{1CA8F4F1-D7A7-43E0-B336-4B71F02844C1}.Release|Any CPU.Build.0 = Release|Any CPU
	EndGlobalSection
	GlobalSection(SolutionProperties) = preSolution
		HideSolutionNode = FALSE
	EndGlobalSection
EndGlobal
